
Microsoft Visual Studio Solution File, Format Version 12.00
Project("{FAE04EC0-301F-11D3-BF4B-00C04F79EFBC}") = "CmdWrapper", "CmdWrapper\CmdWrapper.csproj", "{5027ED39-1A77-4700-9424-F3564DDD062D}"
EndProject
Project("{FAE04EC0-301F-11D3-BF4B-00C04F79EFBC}") = "TestCmd", "TestCmd\TestCmd.csproj", "{1F15DAFF-0FF6-43DC-9889-31915FC24393}"
EndProject
Global
	GlobalSection(SolutionConfigurationPlatforms) = preSolution
		Debug|Any CPU = Debug|Any CPU
		Release|Any CPU = Release|Any CPU
	EndGlobalSection
	GlobalSection(ProjectConfigurationPlatforms) = postSolution
		{5027ED39-1A77-4700-9424-F3564DDD062D}.Debug|Any CPU.ActiveCfg = Debug|Any CPU
		{5027ED39-1A77-4700-9424-F3564DDD062D}.Debug|Any CPU.Build.0 = Debug|Any CPU
		{5027ED39-1A77-4700-9424-F3564DDD062D}.Release|Any CPU.ActiveCfg = Release|Any CPU
		{5027ED39-1A77-4700-9424-F3564DDD062D}.Release|Any CPU.Build.0 = Release|Any CPU
		{1F15DAFF-0FF6-43DC-9889-31915FC24393}.Debug|Any CPU.ActiveCfg = Debug|Any CPU
		{1F15DAFF-0FF6-43DC-9889-31915FC24393}.Debug|Any CPU.Build.0 = Debug|Any CPU
		{1F15DAFF-0FF6-43DC-9889-31915FC24393}.Release|Any CPU.ActiveCfg = Release|Any CPU
		{1F15DAFF-0FF6-43DC-9889-31915FC24393}.Release|Any CPU.Build.0 = Release|Any CPU
	EndGlobalSection
EndGlobal
